
Microsoft Visual Studio Solution File, Format Version 12.00
# Visual Studio Version 17
VisualStudioVersion = 17.1.32210.238
MinimumVisualStudioVersion = 10.0.40219.1
Project("{FAE04EC0-301F-11D3-BF4B-00C04F79EFBC}") = "Gossip Magazine", "Gossip Magazine\Gossip Magazine.csproj", "{D6BA6734-4889-4BC9-B1F4-85842CD223A7}"
EndProject
Global
	GlobalSection(SolutionConfigurationPlatforms) = preSolution
		Debug|Any CPU = Debug|Any CPU
		Release|Any CPU = Release|Any CPU
	EndGlobalSection
	GlobalSection(ProjectConfigurationPlatforms) = postSolution
		{D6BA6734-4889-4BC9-B1F4-85842CD223A7}.Debug|Any CPU.ActiveCfg = Debug|Any CPU
		{D6BA6734-4889-4BC9-B1F4-85842CD223A7}.Debug|Any CPU.Build.0 = Debug|Any CPU
		{D6BA6734-4889-4BC9-B1F4-85842CD223A7}.Release|Any CPU.ActiveCfg = Release|Any CPU
		{D6BA6734-4889-4BC9-B1F4-85842CD223A7}.Release|Any CPU.Build.0 = Release|Any CPU
	EndGlobalSection
	GlobalSection(SolutionProperties) = preSolution
		HideSolutionNode = FALSE
	EndGlobalSection
	GlobalSection(ExtensibilityGlobals) = postSolution
		SolutionGuid = {9CAFEA0F-A72F-4E51-9AC1-F5D5EA3F8C5E}
	EndGlobalSection
EndGlobal
